// !$*UTF8*$!
{
	archiveVersion = 1;
	classes = {
	};
	objectVersion = 46;
	objects = {

/* Begin PBXBuildFile section */
		3A2017F61DAE362C007906A6 /* GalleryViewController+CollectionViewDelegate.m in Sources */ = {isa = PBXBuildFile; fileRef = 3A2017F51DAE362C007906A6 /* GalleryViewController+CollectionViewDelegate.m */; };
		3AACBE331DAD1023004A9E8F /* main.m in Sources */ = {isa = PBXBuildFile; fileRef = 3AACBE321DAD1023004A9E8F /* main.m */; };
		3AACBE361DAD1023004A9E8F /* AppDelegate.m in Sources */ = {isa = PBXBuildFile; fileRef = 3AACBE351DAD1023004A9E8F /* AppDelegate.m */; };
		3AACBE3C1DAD1023004A9E8F /* Main.storyboard in Resources */ = {isa = PBXBuildFile; fileRef = 3AACBE3A1DAD1023004A9E8F /* Main.storyboard */; };
		3AACBE3E1DAD1023004A9E8F /* Assets.xcassets in Resources */ = {isa = PBXBuildFile; fileRef = 3AACBE3D1DAD1023004A9E8F /* Assets.xcassets */; };
		3AACBE411DAD1023004A9E8F /* LaunchScreen.storyboard in Resources */ = {isa = PBXBuildFile; fileRef = 3AACBE3F1DAD1023004A9E8F /* LaunchScreen.storyboard */; };
		3AACBE4E1DAD1EAF004A9E8F /* NetworkManager.m in Sources */ = {isa = PBXBuildFile; fileRef = 3AACBE4D1DAD1EAF004A9E8F /* NetworkManager.m */; };
		3AACBE511DAD2CC3004A9E8F /* FlickrJSONParser.m in Sources */ = {isa = PBXBuildFile; fileRef = 3AACBE501DAD2CC3004A9E8F /* FlickrJSONParser.m */; };
		3AACBE541DAD2F95004A9E8F /* Photo.m in Sources */ = {isa = PBXBuildFile; fileRef = 3AACBE531DAD2F95004A9E8F /* Photo.m */; };
		3AACBE5A1DAD366B004A9E8F /* GalleryViewController.m in Sources */ = {isa = PBXBuildFile; fileRef = 3AACBE591DAD366B004A9E8F /* GalleryViewController.m */; };
		3AACBE5E1DAD3945004A9E8F /* GalleryCollectionViewDataSource.m in Sources */ = {isa = PBXBuildFile; fileRef = 3AACBE5D1DAD3945004A9E8F /* GalleryCollectionViewDataSource.m */; };
		3AACBE611DAD3B72004A9E8F /* GalleryCollectionViewCell.m in Sources */ = {isa = PBXBuildFile; fileRef = 3AACBE601DAD3B72004A9E8F /* GalleryCollectionViewCell.m */; };
		4B2767277DA58329CB7C532F /* libPods-AgileEngine.a in Frameworks */ = {isa = PBXBuildFile; fileRef = 3E1C1B47B650D5BDC65DC3C9 /* libPods-AgileEngine.a */; };
/* End PBXBuildFile section */

/* Begin PBXFileReference section */
		3075983ADB96B16602221577 /* Pods-AgileEngine.release.xcconfig */ = {isa = PBXFileReference; includeInIndex = 1; lastKnownFileType = text.xcconfig; name = "Pods-AgileEngine.release.xcconfig"; path = "Pods/Target Support Files/Pods-AgileEngine/Pods-AgileEngine.release.xcconfig"; sourceTree = "<group>"; };
		3A2017F41DAE362C007906A6 /* GalleryViewController+CollectionViewDelegate.h */ = {isa = PBXFileReference; fileEncoding = 4; lastKnownFileType = sourcecode.c.h; path = "GalleryViewController+CollectionViewDelegate.h"; sourceTree = "<group>"; };
		3A2017F51DAE362C007906A6 /* GalleryViewController+CollectionViewDelegate.m */ = {isa = PBXFileReference; fileEncoding = 4; lastKnownFileType = sourcecode.c.objc; path = "GalleryViewController+CollectionViewDelegate.m"; sourceTree = "<group>"; };
		3AACBE2E1DAD1023004A9E8F /* AgileEngine.app */ = {isa = PBXFileReference; explicitFileType = wrapper.application; includeInIndex = 0; path = AgileEngine.app; sourceTree = BUILT_PRODUCTS_DIR; };
		3AACBE321DAD1023004A9E8F /* main.m */ = {isa = PBXFileReference; lastKnownFileType = sourcecode.c.objc; path = main.m; sourceTree = "<group>"; };
		3AACBE341DAD1023004A9E8F /* AppDelegate.h */ = {isa = PBXFileReference; lastKnownFileType = sourcecode.c.h; path = AppDelegate.h; sourceTree = "<group>"; };
		3AACBE351DAD1023004A9E8F /* AppDelegate.m */ = {isa = PBXFileReference; lastKnownFileType = sourcecode.c.objc; path = AppDelegate.m; sourceTree = "<group>"; };
		3AACBE3B1DAD1023004A9E8F /* Base */ = {isa = PBXFileReference; lastKnownFileType = file.storyboard; name = Base; path = Base.lproj/Main.storyboard; sourceTree = "<group>"; };
		3AACBE3D1DAD1023004A9E8F /* Assets.xcassets */ = {isa = PBXFileReference; lastKnownFileType = folder.assetcatalog; path = Assets.xcassets; sourceTree = "<group>"; };
		3AACBE401DAD1023004A9E8F /* Base */ = {isa = PBXFileReference; lastKnownFileType = file.storyboard; name = Base; path = Base.lproj/LaunchScreen.storyboard; sourceTree = "<group>"; };
		3AACBE421DAD1023004A9E8F /* Info.plist */ = {isa = PBXFileReference; lastKnownFileType = text.plist.xml; path = Info.plist; sourceTree = "<group>"; };
		3AACBE4B1DAD1A41004A9E8F /* Constants.h */ = {isa = PBXFileReference; lastKnownFileType = sourcecode.c.h; path = Constants.h; sourceTree = "<group>"; };
		3AACBE4C1DAD1EAF004A9E8F /* NetworkManager.h */ = {isa = PBXFileReference; fileEncoding = 4; lastKnownFileType = sourcecode.c.h; path = NetworkManager.h; sourceTree = "<group>"; };
		3AACBE4D1DAD1EAF004A9E8F /* NetworkManager.m */ = {isa = PBXFileReference; fileEncoding = 4; lastKnownFileType = sourcecode.c.objc; path = NetworkManager.m; sourceTree = "<group>"; };
		3AACBE4F1DAD2CC3004A9E8F /* FlickrJSONParser.h */ = {isa = PBXFileReference; fileEncoding = 4; lastKnownFileType = sourcecode.c.h; path = FlickrJSONParser.h; sourceTree = "<group>"; };
		3AACBE501DAD2CC3004A9E8F /* FlickrJSONParser.m */ = {isa = PBXFileReference; fileEncoding = 4; lastKnownFileType = sourcecode.c.objc; path = FlickrJSONParser.m; sourceTree = "<group>"; };
		3AACBE521DAD2F95004A9E8F /* Photo.h */ = {isa = PBXFileReference; fileEncoding = 4; lastKnownFileType = sourcecode.c.h; path = Photo.h; sourceTree = "<group>"; };
		3AACBE531DAD2F95004A9E8F /* Photo.m */ = {isa = PBXFileReference; fileEncoding = 4; lastKnownFileType = sourcecode.c.objc; path = Photo.m; sourceTree = "<group>"; };
		3AACBE581DAD366B004A9E8F /* GalleryViewController.h */ = {isa = PBXFileReference; fileEncoding = 4; lastKnownFileType = sourcecode.c.h; path = GalleryViewController.h; sourceTree = "<group>"; };
		3AACBE591DAD366B004A9E8F /* GalleryViewController.m */ = {isa = PBXFileReference; fileEncoding = 4; lastKnownFileType = sourcecode.c.objc; path = GalleryViewController.m; sourceTree = "<group>"; };
		3AACBE5C1DAD3945004A9E8F /* GalleryCollectionViewDataSource.h */ = {isa = PBXFileReference; fileEncoding = 4; lastKnownFileType = sourcecode.c.h; path = GalleryCollectionViewDataSource.h; sourceTree = "<group>"; };
		3AACBE5D1DAD3945004A9E8F /* GalleryCollectionViewDataSource.m */ = {isa = PBXFileReference; fileEncoding = 4; lastKnownFileType = sourcecode.c.objc; path = GalleryCollectionViewDataSource.m; sourceTree = "<group>"; };
		3AACBE5F1DAD3B72004A9E8F /* GalleryCollectionViewCell.h */ = {isa = PBXFileReference; fileEncoding = 4; lastKnownFileType = sourcecode.c.h; path = GalleryCollectionViewCell.h; sourceTree = "<group>"; };
		3AACBE601DAD3B72004A9E8F /* GalleryCollectionViewCell.m */ = {isa = PBXFileReference; fileEncoding = 4; lastKnownFileType = sourcecode.c.objc; path = GalleryCollectionViewCell.m; sourceTree = "<group>"; };
		3E1C1B47B650D5BDC65DC3C9 /* libPods-AgileEngine.a */ = {isa = PBXFileReference; explicitFileType = archive.ar; includeInIndex = 0; path = "libPods-AgileEngine.a"; sourceTree = BUILT_PRODUCTS_DIR; };
		D3FECB8AAE85448EB97769F4 /* Pods-AgileEngine.debug.xcconfig */ = {isa = PBXFileReference; includeInIndex = 1; lastKnownFileType = text.xcconfig; name = "Pods-AgileEngine.debug.xcconfig"; path = "Pods/Target Support Files/Pods-AgileEngine/Pods-AgileEngine.debug.xcconfig"; sourceTree = "<group>"; };
/* End PBXFileReference section */

/* Begin PBXFrameworksBuildPhase section */
		3AACBE2B1DAD1023004A9E8F /* Frameworks */ = {
			isa = PBXFrameworksBuildPhase;
			buildActionMask = 2147483647;
			files = (
				4B2767277DA58329CB7C532F /* libPods-AgileEngine.a in Frameworks */,
			);
			runOnlyForDeploymentPostprocessing = 0;
		};
/* End PBXFrameworksBuildPhase section */

/* Begin PBXGroup section */
		3AACBE251DAD1023004A9E8F = {
			isa = PBXGroup;
			children = (
				3AACBE301DAD1023004A9E8F /* AgileEngine */,
				3AACBE2F1DAD1023004A9E8F /* Products */,
				C07D461EFA490E630BFF1BF9 /* Pods */,
				61165D6851CBEC77841C9598 /* Frameworks */,
			);
			sourceTree = "<group>";
		};
		3AACBE2F1DAD1023004A9E8F /* Products */ = {
			isa = PBXGroup;
			children = (
				3AACBE2E1DAD1023004A9E8F /* AgileEngine.app */,
			);
			name = Products;
			sourceTree = "<group>";
		};
		3AACBE301DAD1023004A9E8F /* AgileEngine */ = {
			isa = PBXGroup;
			children = (
				3AACBE5B1DAD3672004A9E8F /* ViewControllers */,
				3AACBE551DAD3634004A9E8F /* Models */,
				3AACBE561DAD3640004A9E8F /* Managers */,
				3AACBE571DAD364C004A9E8F /* Helpers */,
				3AACBE341DAD1023004A9E8F /* AppDelegate.h */,
				3AACBE351DAD1023004A9E8F /* AppDelegate.m */,
				3AACBE3A1DAD1023004A9E8F /* Main.storyboard */,
				3AACBE3D1DAD1023004A9E8F /* Assets.xcassets */,
				3AACBE3F1DAD1023004A9E8F /* LaunchScreen.storyboard */,
				3AACBE421DAD1023004A9E8F /* Info.plist */,
				3AACBE311DAD1023004A9E8F /* Supporting Files */,
			);
			path = AgileEngine;
			sourceTree = "<group>";
		};
		3AACBE311DAD1023004A9E8F /* Supporting Files */ = {
			isa = PBXGroup;
			children = (
				3AACBE321DAD1023004A9E8F /* main.m */,
			);
			name = "Supporting Files";
			sourceTree = "<group>";
		};
		3AACBE551DAD3634004A9E8F /* Models */ = {
			isa = PBXGroup;
			children = (
				3AACBE521DAD2F95004A9E8F /* Photo.h */,
				3AACBE531DAD2F95004A9E8F /* Photo.m */,
			);
			name = Models;
			sourceTree = "<group>";
		};
		3AACBE561DAD3640004A9E8F /* Managers */ = {
			isa = PBXGroup;
			children = (
				3AACBE4C1DAD1EAF004A9E8F /* NetworkManager.h */,
				3AACBE4D1DAD1EAF004A9E8F /* NetworkManager.m */,
			);
			name = Managers;
			sourceTree = "<group>";
		};
		3AACBE571DAD364C004A9E8F /* Helpers */ = {
			isa = PBXGroup;
			children = (
				3AACBE4F1DAD2CC3004A9E8F /* FlickrJSONParser.h */,
				3AACBE501DAD2CC3004A9E8F /* FlickrJSONParser.m */,
				3AACBE4B1DAD1A41004A9E8F /* Constants.h */,
			);
			name = Helpers;
			sourceTree = "<group>";
		};
		3AACBE5B1DAD3672004A9E8F /* ViewControllers */ = {
			isa = PBXGroup;
			children = (
				3AACBE581DAD366B004A9E8F /* GalleryViewController.h */,
				3AACBE591DAD366B004A9E8F /* GalleryViewController.m */,
				3A2017F41DAE362C007906A6 /* GalleryViewController+CollectionViewDelegate.h */,
				3A2017F51DAE362C007906A6 /* GalleryViewController+CollectionViewDelegate.m */,
				3AACBE5C1DAD3945004A9E8F /* GalleryCollectionViewDataSource.h */,
				3AACBE5D1DAD3945004A9E8F /* GalleryCollectionViewDataSource.m */,
				3AACBE5F1DAD3B72004A9E8F /* GalleryCollectionViewCell.h */,
				3AACBE601DAD3B72004A9E8F /* GalleryCollectionViewCell.m */,
			);
			name = ViewControllers;
			sourceTree = "<group>";
		};
		61165D6851CBEC77841C9598 /* Frameworks */ = {
			isa = PBXGroup;
			children = (
				3E1C1B47B650D5BDC65DC3C9 /* libPods-AgileEngine.a */,
			);
			name = Frameworks;
			sourceTree = "<group>";
		};
		C07D461EFA490E630BFF1BF9 /* Pods */ = {
			isa = PBXGroup;
			children = (
				D3FECB8AAE85448EB97769F4 /* Pods-AgileEngine.debug.xcconfig */,
				3075983ADB96B16602221577 /* Pods-AgileEngine.release.xcconfig */,
			);
			name = Pods;
			sourceTree = "<group>";
		};
/* End PBXGroup section */

/* Begin PBXNativeTarget section */
		3AACBE2D1DAD1023004A9E8F /* AgileEngine */ = {
			isa = PBXNativeTarget;
			buildConfigurationList = 3AACBE451DAD1023004A9E8F /* Build configuration list for PBXNativeTarget "AgileEngine" */;
			buildPhases = (
				CDCDF3E8E19B77FBE77F5EC3 /* [CP] Check Pods Manifest.lock */,
				3AACBE2A1DAD1023004A9E8F /* Sources */,
				3AACBE2B1DAD1023004A9E8F /* Frameworks */,
				3AACBE2C1DAD1023004A9E8F /* Resources */,
				411DA210A1433F9D96423936 /* [CP] Embed Pods Frameworks */,
				1E234520030C12D56742B918 /* [CP] Copy Pods Resources */,
			);
			buildRules = (
			);
			dependencies = (
			);
			name = AgileEngine;
			productName = AgileEngine;
			productReference = 3AACBE2E1DAD1023004A9E8F /* AgileEngine.app */;
			productType = "com.apple.product-type.application";
		};
/* End PBXNativeTarget section */

/* Begin PBXProject section */
		3AACBE261DAD1023004A9E8F /* Project object */ = {
			isa = PBXProject;
			attributes = {
				LastUpgradeCheck = 0730;
				ORGANIZATIONNAME = AT;
				TargetAttributes = {
					3AACBE2D1DAD1023004A9E8F = {
						CreatedOnToolsVersion = 7.3.1;
					};
				};
			};
			buildConfigurationList = 3AACBE291DAD1023004A9E8F /* Build configuration list for PBXProject "AgileEngine" */;
			compatibilityVersion = "Xcode 3.2";
			developmentRegion = English;
			hasScannedForEncodings = 0;
			knownRegions = (
				en,
				Base,
			);
			mainGroup = 3AACBE251DAD1023004A9E8F;
			productRefGroup = 3AACBE2F1DAD1023004A9E8F /* Products */;
			projectDirPath = "";
			projectRoot = "";
			targets = (
				3AACBE2D1DAD1023004A9E8F /* AgileEngine */,
			);
		};
/* End PBXProject section */

/* Begin PBXResourcesBuildPhase section */
		3AACBE2C1DAD1023004A9E8F /* Resources */ = {
			isa = PBXResourcesBuildPhase;
			buildActionMask = 2147483647;
			files = (
				3AACBE411DAD1023004A9E8F /* LaunchScreen.storyboard in Resources */,
				3AACBE3E1DAD1023004A9E8F /* Assets.xcassets in Resources */,
				3AACBE3C1DAD1023004A9E8F /* Main.storyboard in Resources */,
			);
			runOnlyForDeploymentPostprocessing = 0;
		};
/* End PBXResourcesBuildPhase section */

/* Begin PBXShellScriptBuildPhase section */
		1E234520030C12D56742B918 /* [CP] Copy Pods Resources */ = {
			isa = PBXShellScriptBuildPhase;
			buildActionMask = 2147483647;
			files = (
			);
			inputPaths = (
			);
			name = "[CP] Copy Pods Resources";
			outputPaths = (
			);
			runOnlyForDeploymentPostprocessing = 0;
			shellPath = /bin/sh;
			shellScript = "\"${SRCROOT}/Pods/Target Support Files/Pods-AgileEngine/Pods-AgileEngine-resources.sh\"\n";
			showEnvVarsInLog = 0;
		};
		411DA210A1433F9D96423936 /* [CP] Embed Pods Frameworks */ = {
			isa = PBXShellScriptBuildPhase;
			buildActionMask = 2147483647;
			files = (
			);
			inputPaths = (
			);
			name = "[CP] Embed Pods Frameworks";
			outputPaths = (
			);
			runOnlyForDeploymentPostprocessing = 0;
			shellPath = /bin/sh;
			shellScript = "\"${SRCROOT}/Pods/Target Support Files/Pods-AgileEngine/Pods-AgileEngine-frameworks.sh\"\n";
			showEnvVarsInLog = 0;
		};
		CDCDF3E8E19B77FBE77F5EC3 /* [CP] Check Pods Manifest.lock */ = {
			isa = PBXShellScriptBuildPhase;
			buildActionMask = 2147483647;
			files = (
			);
			inputPaths = (
			);
			name = "[CP] Check Pods Manifest.lock";
			outputPaths = (
			);
			runOnlyForDeploymentPostprocessing = 0;
			shellPath = /bin/sh;
			shellScript = "diff \"${PODS_ROOT}/../Podfile.lock\" \"${PODS_ROOT}/Manifest.lock\" > /dev/null\nif [ $? != 0 ] ; then\n    # print error to STDERR\n    echo \"error: The sandbox is not in sync with the Podfile.lock. Run 'pod install' or update your CocoaPods installation.\" >&2\n    exit 1\nfi\n";
			showEnvVarsInLog = 0;
		};
/* End PBXShellScriptBuildPhase section */

/* Begin PBXSourcesBuildPhase section */
		3AACBE2A1DAD1023004A9E8F /* Sources */ = {
			isa = PBXSourcesBuildPhase;
			buildActionMask = 2147483647;
			files = (
				3AACBE5E1DAD3945004A9E8F /* GalleryCollectionViewDataSource.m in Sources */,
				3AACBE361DAD1023004A9E8F /* AppDelegate.m in Sources */,
				3A2017F61DAE362C007906A6 /* GalleryViewController+CollectionViewDelegate.m in Sources */,
				3AACBE4E1DAD1EAF004A9E8F /* NetworkManager.m in Sources */,
				3AACBE331DAD1023004A9E8F /* main.m in Sources */,
				3AACBE541DAD2F95004A9E8F /* Photo.m in Sources */,
				3AACBE611DAD3B72004A9E8F /* GalleryCollectionViewCell.m in Sources */,
				3AACBE511DAD2CC3004A9E8F /* FlickrJSONParser.m in Sources */,
				3AACBE5A1DAD366B004A9E8F /* GalleryViewController.m in Sources */,
			);
			runOnlyForDeploymentPostprocessing = 0;
		};
/* End PBXSourcesBuildPhase section */

/* Begin PBXVariantGroup section */
		3AACBE3A1DAD1023004A9E8F /* Main.storyboard */ = {
			isa = PBXVariantGroup;
			children = (
				3AACBE3B1DAD1023004A9E8F /* Base */,
			);
			name = Main.storyboard;
			sourceTree = "<group>";
		};
		3AACBE3F1DAD1023004A9E8F /* LaunchScreen.storyboard */ = {
			isa = PBXVariantGroup;
			children = (
				3AACBE401DAD1023004A9E8F /* Base */,
			);
			name = LaunchScreen.storyboard;
			sourceTree = "<group>";
		};
/* End PBXVariantGroup section */

/* Begin XCBuildConfiguration section */
		3AACBE431DAD1023004A9E8F /* Debug */ = {
			isa = XCBuildConfiguration;
			buildSettings = {
				ALWAYS_SEARCH_USER_PATHS = NO;
				CLANG_ANALYZER_NONNULL = YES;
				CLANG_CXX_LANGUAGE_STANDARD = "gnu++0x";
				CLANG_CXX_LIBRARY = "libc++";
				CLANG_ENABLE_MODULES = YES;
				CLANG_ENABLE_OBJC_ARC = YES;
				CLANG_WARN_BOOL_CONVERSION = YES;
				CLANG_WARN_CONSTANT_CONVERSION = YES;
				CLANG_WARN_DIRECT_OBJC_ISA_USAGE = YES_ERROR;
				CLANG_WARN_EMPTY_BODY = YES;
				CLANG_WARN_ENUM_CONVERSION = YES;
				CLANG_WARN_INT_CONVERSION = YES;
				CLANG_WARN_OBJC_ROOT_CLASS = YES_ERROR;
				CLANG_WARN_UNREACHABLE_CODE = YES;
				CLANG_WARN__DUPLICATE_METHOD_MATCH = YES;
				"CODE_SIGN_IDENTITY[sdk=iphoneos*]" = "iPhone Developer";
				COPY_PHASE_STRIP = NO;
				DEBUG_INFORMATION_FORMAT = dwarf;
				ENABLE_STRICT_OBJC_MSGSEND = YES;
				ENABLE_TESTABILITY = YES;
				GCC_C_LANGUAGE_STANDARD = gnu99;
				GCC_DYNAMIC_NO_PIC = NO;
				GCC_NO_COMMON_BLOCKS = YES;
				GCC_OPTIMIZATION_LEVEL = 0;
				GCC_PREPROCESSOR_DEFINITIONS = (
					"DEBUG=1",
					"$(inherited)",
				);
				GCC_WARN_64_TO_32_BIT_CONVERSION = YES;
				GCC_WARN_ABOUT_RETURN_TYPE = YES_ERROR;
				GCC_WARN_UNDECLARED_SELECTOR = YES;
				GCC_WARN_UNINITIALIZED_AUTOS = YES_AGGRESSIVE;
				GCC_WARN_UNUSED_FUNCTION = YES;
				GCC_WARN_UNUSED_VARIABLE = YES;
				IPHONEOS_DEPLOYMENT_TARGET = 9.3;
				MTL_ENABLE_DEBUG_INFO = YES;
				ONLY_ACTIVE_ARCH = YES;
				SDKROOT = iphoneos;
				TARGETED_DEVICE_FAMILY = "1,2";
			};
			name = Debug;
		};
		3AACBE441DAD1023004A9E8F /* Release */ = {
			isa = XCBuildConfiguration;
			buildSettings = {
				ALWAYS_SEARCH_USER_PATHS = NO;
				CLANG_ANALYZER_NONNULL = YES;
				CLANG_CXX_LANGUAGE_STANDARD = "gnu++0x";
				CLANG_CXX_LIBRARY = "libc++";
				CLANG_ENABLE_MODULES = YES;
				CLANG_ENABLE_OBJC_ARC = YES;
				CLANG_WARN_BOOL_CONVERSION = YES;
				CLANG_WARN_CONSTANT_CONVERSION = YES;
				CLANG_WARN_DIRECT_OBJC_ISA_USAGE = YES_ERROR;
				CLANG_WARN_EMPTY_BODY = YES;
				CLANG_WARN_ENUM_CONVERSION = YES;
				CLANG_WARN_INT_CONVERSION = YES;
				CLANG_WARN_OBJC_ROOT_CLASS = YES_ERROR;
				CLANG_WARN_UNREACHABLE_CODE = YES;
				CLANG_WARN__DUPLICATE_METHOD_MATCH = YES;
				"CODE_SIGN_IDENTITY[sdk=iphoneos*]" = "iPhone Developer";
				COPY_PHASE_STRIP = NO;
				DEBUG_INFORMATION_FORMAT = "dwarf-with-dsym";
				ENABLE_NS_ASSERTIONS = NO;
				ENABLE_STRICT_OBJC_MSGSEND = YES;
				GCC_C_LANGUAGE_STANDARD = gnu99;
				GCC_NO_COMMON_BLOCKS = YES;
				GCC_WARN_64_TO_32_BIT_CONVERSION = YES;
				GCC_WARN_ABOUT_RETURN_TYPE = YES_ERROR;
				GCC_WARN_UNDECLARED_SELECTOR = YES;
				GCC_WARN_UNINITIALIZED_AUTOS = YES_AGGRESSIVE;
				GCC_WARN_UNUSED_FUNCTION = YES;
				GCC_WARN_UNUSED_VARIABLE = YES;
				IPHONEOS_DEPLOYMENT_TARGET = 9.3;
				MTL_ENABLE_DEBUG_INFO = NO;
				SDKROOT = iphoneos;
				TARGETED_DEVICE_FAMILY = "1,2";
				VALIDATE_PRODUCT = YES;
			};
			name = Release;
		};
		3AACBE461DAD1023004A9E8F /* Debug */ = {
			isa = XCBuildConfiguration;
			baseConfigurationReference = D3FECB8AAE85448EB97769F4 /* Pods-AgileEngine.debug.xcconfig */;
			buildSettings = {
				ASSETCATALOG_COMPILER_APPICON_NAME = AppIcon;
				INFOPLIST_FILE = AgileEngine/Info.plist;
				LD_RUNPATH_SEARCH_PATHS = "$(inherited) @executable_path/Frameworks";
				PRODUCT_BUNDLE_IDENTIFIER = AntonTrubianov.AgileEngine;
				PRODUCT_NAME = "$(TARGET_NAME)";
			};
			name = Debug;
		};
		3AACBE471DAD1023004A9E8F /* Release */ = {
			isa = XCBuildConfiguration;
			baseConfigurationReference = 3075983ADB96B16602221577 /* Pods-AgileEngine.release.xcconfig */;
			buildSettings = {
				ASSETCATALOG_COMPILER_APPICON_NAME = AppIcon;
				INFOPLIST_FILE = AgileEngine/Info.plist;
				LD_RUNPATH_SEARCH_PATHS = "$(inherited) @executable_path/Frameworks";
				PRODUCT_BUNDLE_IDENTIFIER = AntonTrubianov.AgileEngine;
				PRODUCT_NAME = "$(TARGET_NAME)";
			};
			name = Release;
		};
/* End XCBuildConfiguration section */

/* Begin XCConfigurationList section */
		3AACBE291DAD1023004A9E8F /* Build configuration list for PBXProject "AgileEngine" */ = {
			isa = XCConfigurationList;
			buildConfigurations = (
				3AACBE431DAD1023004A9E8F /* Debug */,
				3AACBE441DAD1023004A9E8F /* Release */,
			);
			defaultConfigurationIsVisible = 0;
			defaultConfigurationName = Release;
		};
		3AACBE451DAD1023004A9E8F /* Build configuration list for PBXNativeTarget "AgileEngine" */ = {
			isa = XCConfigurationList;
			buildConfigurations = (
				3AACBE461DAD1023004A9E8F /* Debug */,
				3AACBE471DAD1023004A9E8F /* Release */,
			);
			defaultConfigurationIsVisible = 0;
			defaultConfigurationName = Release;
		};
/* End XCConfigurationList section */
	};
	rootObject = 3AACBE261DAD1023004A9E8F /* Project object */;
}
